<?xml version="1.0" encoding="utf-8"?>
<Project ToolsVersion="17.0" xmlns="http://schemas.microsoft.com/developer/msbuild/2003">
  <ItemGroup>
    <ClCompile Include="C:\Users\Karn\OneDrive - Georgia Institute of Technology\Coursework\Fall 2024\ECE6122\Chapter01\code\Timber.cpp">
      <Filter>Source Files</Filter>
    </ClCompile>
  </ItemGroup>
  <ItemGroup>
    <CustomBuild Include="C:\Users\Karn\OneDrive - Georgia Institute of Technology\Coursework\Fall 2024\ECE6122\Chapter01\CMakeLists.txt" />
  </ItemGroup>
  <ItemGroup>
    <Filter Include="Source Files">
      <UniqueIdentifier>{06F55A71-9937-3862-885C-4ED341621548}</UniqueIdentifier>
    </Filter>
  </ItemGroup>
</Project>
