
Microsoft Visual Studio Solution File, Format Version 12.00
# Visual Studio Version 17
VisualStudioVersion = 17.11.35303.130
MinimumVisualStudioVersion = 10.0.40219.1
Project("{2150E333-8FDC-42A3-9474-1A3956D46DE8}") = "CMake", "CMake", "{04079527-8A9A-3F45-8D14-7AD9BC07A8B9}"
EndProject
Project("{2150E333-8FDC-42A3-9474-1A3956D46DE8}") = "SFML", "SFML", "{4DD25833-47A5-3788-80E5-95B85B11DF60}"
EndProject
Project("{8BC9CEB8-8B4A-11D0-8D11-00A0C91BC942}") = "ALL_BUILD", "ALL_BUILD.vcxproj", "{A341C747-E60E-3A97-B990-F620718D7C97}"
	ProjectSection(ProjectDependencies) = postProject
		{FD2C129A-AE5F-341A-80C6-5133C68770DF} = {FD2C129A-AE5F-341A-80C6-5133C68770DF}
		{D8E0084C-854B-343D-BF60-04DD3BE62877} = {D8E0084C-854B-343D-BF60-04DD3BE62877}
	EndProjectSection
EndProject
Project("{8BC9CEB8-8B4A-11D0-8D11-00A0C91BC942}") = "INSTALL", "INSTALL.vcxproj", "{A86FF4F3-2468-3951-8DC2-23FC33F46A3C}"
	ProjectSection(ProjectDependencies) = postProject
		{A341C747-E60E-3A97-B990-F620718D7C97} = {A341C747-E60E-3A97-B990-F620718D7C97}
		{D8E0084C-854B-343D-BF60-04DD3BE62877} = {D8E0084C-854B-343D-BF60-04DD3BE62877}
	EndProjectSection
EndProject
Project("{8BC9CEB8-8B4A-11D0-8D11-00A0C91BC942}") = "Lab1", "Lab1.vcxproj", "{FD2C129A-AE5F-341A-80C6-5133C68770DF}"
	ProjectSection(ProjectDependencies) = postProject
		{D8E0084C-854B-343D-BF60-04DD3BE62877} = {D8E0084C-854B-343D-BF60-04DD3BE62877}
		{07D6AC6A-4784-3F2F-9828-3D5663197FED} = {07D6AC6A-4784-3F2F-9828-3D5663197FED}
		{D6C2EC88-4072-34C1-BF31-0C3FACD291D2} = {D6C2EC88-4072-34C1-BF31-0C3FACD291D2}
		{2F4A3C00-15D2-3C75-B1D9-D7A559C80C54} = {2F4A3C00-15D2-3C75-B1D9-D7A559C80C54}
	EndProjectSection
EndProject
Project("{8BC9CEB8-8B4A-11D0-8D11-00A0C91BC942}") = "PACKAGE", "PACKAGE.vcxproj", "{D467E764-B086-3B39-8F8A-17DD0C9B6160}"
	ProjectSection(ProjectDependencies) = postProject
		{A341C747-E60E-3A97-B990-F620718D7C97} = {A341C747-E60E-3A97-B990-F620718D7C97}
		{D8E0084C-854B-343D-BF60-04DD3BE62877} = {D8E0084C-854B-343D-BF60-04DD3BE62877}
	EndProjectSection
EndProject
Project("{8BC9CEB8-8B4A-11D0-8D11-00A0C91BC942}") = "ZERO_CHECK", "..\ZERO_CHECK.vcxproj", "{D8E0084C-854B-343D-BF60-04DD3BE62877}"
EndProject
Project("{8BC9CEB8-8B4A-11D0-8D11-00A0C91BC942}") = "sfml-graphics", "..\SFML\src\SFML\Graphics\sfml-graphics.vcxproj", "{07D6AC6A-4784-3F2F-9828-3D5663197FED}"
	ProjectSection(ProjectDependencies) = postProject
		{D8E0084C-854B-343D-BF60-04DD3BE62877} = {D8E0084C-854B-343D-BF60-04DD3BE62877}
		{D6C2EC88-4072-34C1-BF31-0C3FACD291D2} = {D6C2EC88-4072-34C1-BF31-0C3FACD291D2}
		{2F4A3C00-15D2-3C75-B1D9-D7A559C80C54} = {2F4A3C00-15D2-3C75-B1D9-D7A559C80C54}
	EndProjectSection
EndProject
Project("{8BC9CEB8-8B4A-11D0-8D11-00A0C91BC942}") = "sfml-system", "..\SFML\src\SFML\System\sfml-system.vcxproj", "{D6C2EC88-4072-34C1-BF31-0C3FACD291D2}"
	ProjectSection(ProjectDependencies) = postProject
		{D8E0084C-854B-343D-BF60-04DD3BE62877} = {D8E0084C-854B-343D-BF60-04DD3BE62877}
	EndProjectSection
EndProject
Project("{8BC9CEB8-8B4A-11D0-8D11-00A0C91BC942}") = "sfml-window", "..\SFML\src\SFML\Window\sfml-window.vcxproj", "{2F4A3C00-15D2-3C75-B1D9-D7A559C80C54}"
	ProjectSection(ProjectDependencies) = postProject
		{D8E0084C-854B-343D-BF60-04DD3BE62877} = {D8E0084C-854B-343D-BF60-04DD3BE62877}
		{D6C2EC88-4072-34C1-BF31-0C3FACD291D2} = {D6C2EC88-4072-34C1-BF31-0C3FACD291D2}
	EndProjectSection
EndProject
Global
	GlobalSection(SolutionConfigurationPlatforms) = preSolution
		Debug|x64 = Debug|x64
		MinSizeRel|x64 = MinSizeRel|x64
		Release|x64 = Release|x64
		RelWithDebInfo|x64 = RelWithDebInfo|x64
	EndGlobalSection
	GlobalSection(ProjectConfigurationPlatforms) = postSolution
		{A341C747-E60E-3A97-B990-F620718D7C97}.Debug|x64.ActiveCfg = Debug|x64
		{A341C747-E60E-3A97-B990-F620718D7C97}.Debug|x64.Build.0 = Debug|x64
		{A341C747-E60E-3A97-B990-F620718D7C97}.MinSizeRel|x64.ActiveCfg = MinSizeRel|x64
		{A341C747-E60E-3A97-B990-F620718D7C97}.MinSizeRel|x64.Build.0 = MinSizeRel|x64
		{A341C747-E60E-3A97-B990-F620718D7C97}.Release|x64.ActiveCfg = Release|x64
		{A341C747-E60E-3A97-B990-F620718D7C97}.Release|x64.Build.0 = Release|x64
		{A341C747-E60E-3A97-B990-F620718D7C97}.RelWithDebInfo|x64.ActiveCfg = RelWithDebInfo|x64
		{A341C747-E60E-3A97-B990-F620718D7C97}.RelWithDebInfo|x64.Build.0 = RelWithDebInfo|x64
		{A86FF4F3-2468-3951-8DC2-23FC33F46A3C}.Debug|x64.ActiveCfg = Debug|x64
		{A86FF4F3-2468-3951-8DC2-23FC33F46A3C}.MinSizeRel|x64.ActiveCfg = MinSizeRel|x64
		{A86FF4F3-2468-3951-8DC2-23FC33F46A3C}.Release|x64.ActiveCfg = Release|x64
		{A86FF4F3-2468-3951-8DC2-23FC33F46A3C}.RelWithDebInfo|x64.ActiveCfg = RelWithDebInfo|x64
		{FD2C129A-AE5F-341A-80C6-5133C68770DF}.Debug|x64.ActiveCfg = Debug|x64
		{FD2C129A-AE5F-341A-80C6-5133C68770DF}.Debug|x64.Build.0 = Debug|x64
		{FD2C129A-AE5F-341A-80C6-5133C68770DF}.MinSizeRel|x64.ActiveCfg = MinSizeRel|x64
		{FD2C129A-AE5F-341A-80C6-5133C68770DF}.MinSizeRel|x64.Build.0 = MinSizeRel|x64
		{FD2C129A-AE5F-341A-80C6-5133C68770DF}.Release|x64.ActiveCfg = Release|x64
		{FD2C129A-AE5F-341A-80C6-5133C68770DF}.Release|x64.Build.0 = Release|x64
		{FD2C129A-AE5F-341A-80C6-5133C68770DF}.RelWithDebInfo|x64.ActiveCfg = RelWithDebInfo|x64
		{FD2C129A-AE5F-341A-80C6-5133C68770DF}.RelWithDebInfo|x64.Build.0 = RelWithDebInfo|x64
		{D467E764-B086-3B39-8F8A-17DD0C9B6160}.Debug|x64.ActiveCfg = Debug|x64
		{D467E764-B086-3B39-8F8A-17DD0C9B6160}.MinSizeRel|x64.ActiveCfg = MinSizeRel|x64
		{D467E764-B086-3B39-8F8A-17DD0C9B6160}.Release|x64.ActiveCfg = Release|x64
		{D467E764-B086-3B39-8F8A-17DD0C9B6160}.RelWithDebInfo|x64.ActiveCfg = RelWithDebInfo|x64
		{D8E0084C-854B-343D-BF60-04DD3BE62877}.Debug|x64.ActiveCfg = Debug|x64
		{D8E0084C-854B-343D-BF60-04DD3BE62877}.Debug|x64.Build.0 = Debug|x64
		{D8E0084C-854B-343D-BF60-04DD3BE62877}.MinSizeRel|x64.ActiveCfg = MinSizeRel|x64
		{D8E0084C-854B-343D-BF60-04DD3BE62877}.MinSizeRel|x64.Build.0 = MinSizeRel|x64
		{D8E0084C-854B-343D-BF60-04DD3BE62877}.Release|x64.ActiveCfg = Release|x64
		{D8E0084C-854B-343D-BF60-04DD3BE62877}.Release|x64.Build.0 = Release|x64
		{D8E0084C-854B-343D-BF60-04DD3BE62877}.RelWithDebInfo|x64.ActiveCfg = RelWithDebInfo|x64
		{D8E0084C-854B-343D-BF60-04DD3BE62877}.RelWithDebInfo|x64.Build.0 = RelWithDebInfo|x64
		{07D6AC6A-4784-3F2F-9828-3D5663197FED}.Debug|x64.ActiveCfg = Debug|x64
		{07D6AC6A-4784-3F2F-9828-3D5663197FED}.Debug|x64.Build.0 = Debug|x64
		{07D6AC6A-4784-3F2F-9828-3D5663197FED}.MinSizeRel|x64.ActiveCfg = MinSizeRel|x64
		{07D6AC6A-4784-3F2F-9828-3D5663197FED}.MinSizeRel|x64.Build.0 = MinSizeRel|x64
		{07D6AC6A-4784-3F2F-9828-3D5663197FED}.Release|x64.ActiveCfg = Release|x64
		{07D6AC6A-4784-3F2F-9828-3D5663197FED}.Release|x64.Build.0 = Release|x64
		{07D6AC6A-4784-3F2F-9828-3D5663197FED}.RelWithDebInfo|x64.ActiveCfg = RelWithDebInfo|x64
		{07D6AC6A-4784-3F2F-9828-3D5663197FED}.RelWithDebInfo|x64.Build.0 = RelWithDebInfo|x64
		{D6C2EC88-4072-34C1-BF31-0C3FACD291D2}.Debug|x64.ActiveCfg = Debug|x64
		{D6C2EC88-4072-34C1-BF31-0C3FACD291D2}.Debug|x64.Build.0 = Debug|x64
		{D6C2EC88-4072-34C1-BF31-0C3FACD291D2}.MinSizeRel|x64.ActiveCfg = MinSizeRel|x64
		{D6C2EC88-4072-34C1-BF31-0C3FACD291D2}.MinSizeRel|x64.Build.0 = MinSizeRel|x64
		{D6C2EC88-4072-34C1-BF31-0C3FACD291D2}.Release|x64.ActiveCfg = Release|x64
		{D6C2EC88-4072-34C1-BF31-0C3FACD291D2}.Release|x64.Build.0 = Release|x64
		{D6C2EC88-4072-34C1-BF31-0C3FACD291D2}.RelWithDebInfo|x64.ActiveCfg = RelWithDebInfo|x64
		{D6C2EC88-4072-34C1-BF31-0C3FACD291D2}.RelWithDebInfo|x64.Build.0 = RelWithDebInfo|x64
		{2F4A3C00-15D2-3C75-B1D9-D7A559C80C54}.Debug|x64.ActiveCfg = Debug|x64
		{2F4A3C00-15D2-3C75-B1D9-D7A559C80C54}.Debug|x64.Build.0 = Debug|x64
		{2F4A3C00-15D2-3C75-B1D9-D7A559C80C54}.MinSizeRel|x64.ActiveCfg = MinSizeRel|x64
		{2F4A3C00-15D2-3C75-B1D9-D7A559C80C54}.MinSizeRel|x64.Build.0 = MinSizeRel|x64
		{2F4A3C00-15D2-3C75-B1D9-D7A559C80C54}.Release|x64.ActiveCfg = Release|x64
		{2F4A3C00-15D2-3C75-B1D9-D7A559C80C54}.Release|x64.Build.0 = Release|x64
		{2F4A3C00-15D2-3C75-B1D9-D7A559C80C54}.RelWithDebInfo|x64.ActiveCfg = RelWithDebInfo|x64
		{2F4A3C00-15D2-3C75-B1D9-D7A559C80C54}.RelWithDebInfo|x64.Build.0 = RelWithDebInfo|x64
	EndGlobalSection
	GlobalSection(SolutionProperties) = preSolution
		HideSolutionNode = FALSE
	EndGlobalSection
	GlobalSection(NestedProjects) = preSolution
		{A341C747-E60E-3A97-B990-F620718D7C97} = {04079527-8A9A-3F45-8D14-7AD9BC07A8B9}
		{A86FF4F3-2468-3951-8DC2-23FC33F46A3C} = {04079527-8A9A-3F45-8D14-7AD9BC07A8B9}
		{D467E764-B086-3B39-8F8A-17DD0C9B6160} = {04079527-8A9A-3F45-8D14-7AD9BC07A8B9}
		{D8E0084C-854B-343D-BF60-04DD3BE62877} = {04079527-8A9A-3F45-8D14-7AD9BC07A8B9}
		{07D6AC6A-4784-3F2F-9828-3D5663197FED} = {4DD25833-47A5-3788-80E5-95B85B11DF60}
		{D6C2EC88-4072-34C1-BF31-0C3FACD291D2} = {4DD25833-47A5-3788-80E5-95B85B11DF60}
		{2F4A3C00-15D2-3C75-B1D9-D7A559C80C54} = {4DD25833-47A5-3788-80E5-95B85B11DF60}
	EndGlobalSection
	GlobalSection(ExtensibilityGlobals) = postSolution
		SolutionGuid = {BEB230F0-49F2-3392-9807-52A0365E2327}
	EndGlobalSection
EndGlobal
